{
    "_readme": [
        "This file locks the dependencies of your project to a known state",
        "Read more about it at https://getcomposer.org/doc/01-basic-usage.md#composer-lock-the-lock-file",
        "This file is @generated automatically"
    ],
    "hash": "ae9884988793b19a9c588d6587ac0660",
    "content-hash": "30d49e54a79caa3e5dfde32d1bb67b91",
    "packages": [
        {
            "name": "google/apiclient",
            "version": "1.1.7",
            "source": {
                "type": "git",
                "url": "https://github.com/google/google-api-php-client.git",
                "reference": "400f250a30ae1dd4c4a0a4f750fe973fc70e6311"
            },
            "dist": {
                "type": "zip",
                "url": "https://api.github.com/repos/google/google-api-php-client/zipball/400f250a30ae1dd4c4a0a4f750fe973fc70e6311",
                "reference": "400f250a30ae1dd4c4a0a4f750fe973fc70e6311",
                "shasum": ""
            },
            "require": {
                "php": ">=5.2.1"
            },
            "require-dev": {
                "phpunit/phpunit": "3.7.*",
                "squizlabs/php_codesniffer": "~2.3"
            },
            "type": "library",
            "extra": {
                "branch-alias": {
                    "dev-master": "1.1.x-dev"
                }
            },
            "autoload": {
                "classmap": [
                    "src/"
                ]
            },
            "notification-url": "https://packagist.org/downloads/",
            "license": [
                "Apache-2.0"
            ],
            "description": "Client library for Google APIs",
            "homepage": "http://developers.google.com/api-client-library/php",
            "keywords": [
                "google"
            ],
            "time": "2016-02-02 18:50:42"
        },
        {
            "name": "stripe/stripe-php",
            "version": "v3.9.1",
            "source": {
                "type": "git",
                "url": "https://github.com/stripe/stripe-php.git",
                "reference": "e4946ace944fe68cdb0501f8b605373888b22d69"
            },
            "dist": {
                "type": "zip",
                "url": "https://api.github.com/repos/stripe/stripe-php/zipball/e4946ace944fe68cdb0501f8b605373888b22d69",
                "reference": "e4946ace944fe68cdb0501f8b605373888b22d69",
                "shasum": ""
            },
            "require": {
                "ext-curl": "*",
                "ext-json": "*",
                "ext-mbstring": "*",
                "php": ">=5.3.3"
            },
            "require-dev": {
                "phpunit/phpunit": "~4.0",
                "satooshi/php-coveralls": "~0.6.1",
                "squizlabs/php_codesniffer": "~2.0"
            },
            "type": "library",
            "extra": {
                "branch-alias": {
                    "dev-master": "2.0-dev"
                }
            },
            "autoload": {
                "psr-4": {
                    "Stripe\\": "lib/"
                }
            },
            "notification-url": "https://packagist.org/downloads/",
            "license": [
                "MIT"
            ],
            "authors": [
                {
                    "name": "Stripe and contributors",
                    "homepage": "https://github.com/stripe/stripe-php/contributors"
                }
            ],
            "description": "Stripe PHP Library",
            "homepage": "https://stripe.com/",
            "keywords": [
                "api",
                "payment processing",
                "stripe"
            ],
            "time": "2016-02-24 22:27:32"
        }
    ],
    "packages-dev": [
        {
            "name": "mikey179/vfsStream",
            "version": "v1.1.0",
            "source": {
                "type": "git",
                "url": "https://github.com/mikey179/vfsStream.git",
                "reference": "fc0fe8f4d0b527254a2dc45f0c265567c881d07e"
            },
            "dist": {
                "type": "zip",
                "url": "https://api.github.com/repos/mikey179/vfsStream/zipball/fc0fe8f4d0b527254a2dc45f0c265567c881d07e",
                "reference": "fc0fe8f4d0b527254a2dc45f0c265567c881d07e",
                "shasum": ""
            },
            "require": {
                "php": ">=5.3.0"
            },
            "type": "library",
            "autoload": {
                "psr-0": {
                    "org\\bovigo\\vfs": "src/main/php"
                }
            },
            "notification-url": "https://packagist.org/downloads/",
            "license": [
                "BSD"
            ],
            "homepage": "http://vfs.bovigo.org/",
            "time": "2012-08-25 12:49:29"
        }
    ],
    "aliases": [],
    "minimum-stability": "stable",
    "stability-flags": [],
    "prefer-stable": false,
    "prefer-lowest": false,
    "platform": {
        "php": ">=5.2.4"
    },
    "platform-dev": []
}
